// !$*UTF8*$!
{
	archiveVersion = 1;
	classes = {
	};
	objectVersion = 77;
	objects = {

/* Begin PBXContainerItemProxy section */
		B000FD142EFF0F0C00469E1E /* PBXContainerItemProxy */ = {
			isa = PBXContainerItemProxy;
			containerPortal = B000FCFE2EFF0F0B00469E1E /* Project object */;
			proxyType = 1;
			remoteGlobalIDString = B000FD052EFF0F0B00469E1E;
			remoteInfo = BlobCalculator;
		};
		B000FD1E2EFF0F0C00469E1E /* PBXContainerItemProxy */ = {
			isa = PBXContainerItemProxy;
			containerPortal = B000FCFE2EFF0F0B00469E1E /* Project object */;
			proxyType = 1;
			remoteGlobalIDString = B000FD052EFF0F0B00469E1E;
			remoteInfo = BlobCalculator;
		};
/* End PBXContainerItemProxy section */

/* Begin PBXFileReference section */
		B000FD062EFF0F0B00469E1E /* BlobCalculator.app */ = {isa = PBXFileReference; explicitFileType = wrapper.application; includeInIndex = 0; path = BlobCalculator.app; sourceTree = BUILT_PRODUCTS_DIR; };
		B000FD132EFF0F0C00469E1E /* BlobCalculatorTests.xctest */ = {isa = PBXFileReference; explicitFileType = wrapper.cfbundle; includeInIndex = 0; path = BlobCalculatorTests.xctest; sourceTree = BUILT_PRODUCTS_DIR; };
		B000FD1D2EFF0F0C00469E1E /* BlobCalculatorUITests.xctest */ = {isa = PBXFileReference; explicitFileType = wrapper.cfbundle; includeInIndex = 0; path = BlobCalculatorUITests.xctest; sourceTree = BUILT_PRODUCTS_DIR; };
/* End PBXFileReference section */

/* Begin PBXFileSystemSynchronizedRootGroup section */
		B000FD082EFF0F0B00469E1E /* BlobCalculator */ = {
			isa = PBXFileSystemSynchronizedRootGroup;
			path = BlobCalculator;
			sourceTree = "<group>";
		};
		B000FD162EFF0F0C00469E1E /* BlobCalculatorTests */ = {
			isa = PBXFileSystemSynchronizedRootGroup;
			path = BlobCalculatorTests;
			sourceTree = "<group>";
		};
		B000FD202EFF0F0C00469E1E /* BlobCalculatorUITests */ = {
			isa = PBXFileSystemSynchronizedRootGroup;
			path = BlobCalculatorUITests;
			sourceTree = "<group>";
		};
/* End PBXFileSystemSynchronizedRootGroup section */

/* Begin PBXFrameworksBuildPhase section */
		B000FD032EFF0F0B00469E1E /* Frameworks */ = {
			isa = PBXFrameworksBuildPhase;
			buildActionMask = 2147483647;
			files = (
			);
			runOnlyForDeploymentPostprocessing = 0;
		};
		B000FD102EFF0F0C00469E1E /* Frameworks */ = {
			isa = PBXFrameworksBuildPhase;
			buildActionMask = 2147483647;
			files = (
			);
			runOnlyForDeploymentPostprocessing = 0;
		};
		B000FD1A2EFF0F0C00469E1E /* Frameworks */ = {
			isa = PBXFrameworksBuildPhase;
			buildActionMask = 2147483647;
			files = (
			);
			runOnlyForDeploymentPostprocessing = 0;
		};
/* End PBXFrameworksBuildPhase section */

/* Begin PBXGroup section */
		B000FCFD2EFF0F0B00469E1E = {
			isa = PBXGroup;
			children = (
				B000FD082EFF0F0B00469E1E /* BlobCalculator */,
				B000FD162EFF0F0C00469E1E /* BlobCalculatorTests */,
				B000FD202EFF0F0C00469E1E /* BlobCalculatorUITests */,
				B000FD072EFF0F0B00469E1E /* Products */,
			);
			sourceTree = "<group>";
		};
		B000FD072EFF0F0B00469E1E /* Products */ = {
			isa = PBXGroup;
			children = (
				B000FD062EFF0F0B00469E1E /* BlobCalculator.app */,
				B000FD132EFF0F0C00469E1E /* BlobCalculatorTests.xctest */,
				B000FD1D2EFF0F0C00469E1E /* BlobCalculatorUITests.xctest */,
			);
			name = Products;
			sourceTree = "<group>";
		};
/* End PBXGroup section */

/* Begin PBXNativeTarget section */
		B000FD052EFF0F0B00469E1E /* BlobCalculator */ = {
			isa = PBXNativeTarget;
			buildConfigurationList = B000FD272EFF0F0C00469E1E /* Build configuration list for PBXNativeTarget "BlobCalculator" */;
			buildPhases = (
				B000FD022EFF0F0B00469E1E /* Sources */,
				B000FD032EFF0F0B00469E1E /* Frameworks */,
				B000FD042EFF0F0B00469E1E /* Resources */,
			);
			buildRules = (
			);
			dependencies = (
			);
			fileSystemSynchronizedGroups = (
				B000FD082EFF0F0B00469E1E /* BlobCalculator */,
			);
			name = BlobCalculator;
			packageProductDependencies = (
			);
			productName = BlobCalculator;
			productReference = B000FD062EFF0F0B00469E1E /* BlobCalculator.app */;
			productType = "com.apple.product-type.application";
		};
		B000FD122EFF0F0C00469E1E /* BlobCalculatorTests */ = {
			isa = PBXNativeTarget;
			buildConfigurationList = B000FD2A2EFF0F0C00469E1E /* Build configuration list for PBXNativeTarget "BlobCalculatorTests" */;
			buildPhases = (
				B000FD0F2EFF0F0C00469E1E /* Sources */,
				B000FD102EFF0F0C00469E1E /* Frameworks */,
				B000FD112EFF0F0C00469E1E /* Resources */,
			);
			buildRules = (
			);
			dependencies = (
				B000FD152EFF0F0C00469E1E /* PBXTargetDependency */,
			);
			fileSystemSynchronizedGroups = (
				B000FD162EFF0F0C00469E1E /* BlobCalculatorTests */,
			);
			name = BlobCalculatorTests;
			packageProductDependencies = (
			);
			productName = BlobCalculatorTests;
			productReference = B000FD132EFF0F0C00469E1E /* BlobCalculatorTests.xctest */;
			productType = "com.apple.product-type.bundle.unit-test";
		};
		B000FD1C2EFF0F0C00469E1E /* BlobCalculatorUITests */ = {
			isa = PBXNativeTarget;
			buildConfigurationList = B000FD2D2EFF0F0C00469E1E /* Build configuration list for PBXNativeTarget "BlobCalculatorUITests" */;
			buildPhases = (
				B000FD192EFF0F0C00469E1E /* Sources */,
				B000FD1A2EFF0F0C00469E1E /* Frameworks */,
				B000FD1B2EFF0F0C00469E1E /* Resources */,
			);
			buildRules = (
			);
			dependencies = (
				B000FD1F2EFF0F0C00469E1E /* PBXTargetDependency */,
			);
			fileSystemSynchronizedGroups = (
				B000FD202EFF0F0C00469E1E /* BlobCalculatorUITests */,
			);
			name = BlobCalculatorUITests;
			packageProductDependencies = (
			);
			productName = BlobCalculatorUITests;
			productReference = B000FD1D2EFF0F0C00469E1E /* BlobCalculatorUITests.xctest */;
			productType = "com.apple.product-type.bundle.ui-testing";
		};
/* End PBXNativeTarget section */

/* Begin PBXProject section */
		B000FCFE2EFF0F0B00469E1E /* Project object */ = {
			isa = PBXProject;
			attributes = {
				BuildIndependentTargetsInParallel = 1;
				LastSwiftUpdateCheck = 2600;
				LastUpgradeCheck = 2600;
				TargetAttributes = {
					B000FD052EFF0F0B00469E1E = {
						CreatedOnToolsVersion = 26.0;
					};
					B000FD122EFF0F0C00469E1E = {
						CreatedOnToolsVersion = 26.0;
						TestTargetID = B000FD052EFF0F0B00469E1E;
					};
					B000FD1C2EFF0F0C00469E1E = {
						CreatedOnToolsVersion = 26.0;
						TestTargetID = B000FD052EFF0F0B00469E1E;
					};
				};
			};
			buildConfigurationList = B000FD012EFF0F0B00469E1E /* Build configuration list for PBXProject "BlobCalculator" */;
			developmentRegion = en;
			hasScannedForEncodings = 0;
			knownRegions = (
				en,
				Base,
			);
			mainGroup = B000FCFD2EFF0F0B00469E1E;
			minimizedProjectReferenceProxies = 1;
			preferredProjectObjectVersion = 77;
			productRefGroup = B000FD072EFF0F0B00469E1E /* Products */;
			projectDirPath = "";
			projectRoot = "";
			targets = (
				B000FD052EFF0F0B00469E1E /* BlobCalculator */,
				B000FD122EFF0F0C00469E1E /* BlobCalculatorTests */,
				B000FD1C2EFF0F0C00469E1E /* BlobCalculatorUITests */,
			);
		};
/* End PBXProject section */

/* Begin PBXResourcesBuildPhase section */
		B000FD042EFF0F0B00469E1E /* Resources */ = {
			isa = PBXResourcesBuildPhase;
			buildActionMask = 2147483647;
			files = (
			);
			runOnlyForDeploymentPostprocessing = 0;
		};
		B000FD112EFF0F0C00469E1E /* Resources */ = {
			isa = PBXResourcesBuildPhase;
			buildActionMask = 2147483647;
			files = (
			);
			runOnlyForDeploymentPostprocessing = 0;
		};
		B000FD1B2EFF0F0C00469E1E /* Resources */ = {
			isa = PBXResourcesBuildPhase;
			buildActionMask = 2147483647;
			files = (
			);
			runOnlyForDeploymentPostprocessing = 0;
		};
/* End PBXResourcesBuildPhase section */

/* Begin PBXSourcesBuildPhase section */
		B000FD022EFF0F0B00469E1E /* Sources */ = {
			isa = PBXSourcesBuildPhase;
			buildActionMask = 2147483647;
			files = (
			);
			runOnlyForDeploymentPostprocessing = 0;
		};
		B000FD0F2EFF0F0C00469E1E /* Sources */ = {
			isa = PBXSourcesBuildPhase;
			buildActionMask = 2147483647;
			files = (
			);
			runOnlyForDeploymentPostprocessing = 0;
		};
		B000FD192EFF0F0C00469E1E /* Sources */ = {
			isa = PBXSourcesBuildPhase;
			buildActionMask = 2147483647;
			files = (
			);
			runOnlyForDeploymentPostprocessing = 0;
		};
/* End PBXSourcesBuildPhase section */

/* Begin PBXTargetDependency section */
		B000FD152EFF0F0C00469E1E /* PBXTargetDependency */ = {
			isa = PBXTargetDependency;
			target = B000FD052EFF0F0B00469E1E /* BlobCalculator */;
			targetProxy = B000FD142EFF0F0C00469E1E /* PBXContainerItemProxy */;
		};
		B000FD1F2EFF0F0C00469E1E /* PBXTargetDependency */ = {
			isa = PBXTargetDependency;
			target = B000FD052EFF0F0B00469E1E /* BlobCalculator */;
			targetProxy = B000FD1E2EFF0F0C00469E1E /* PBXContainerItemProxy */;
		};
/* End PBXTargetDependency section */

/* Begin XCBuildConfiguration section */
		B000FD252EFF0F0C00469E1E /* Debug */ = {
			isa = XCBuildConfiguration;
			buildSettings = {
				ALWAYS_SEARCH_USER_PATHS = NO;
				ASSETCATALOG_COMPILER_GENERATE_SWIFT_ASSET_SYMBOL_EXTENSIONS = YES;
				CLANG_ANALYZER_NONNULL = YES;
				CLANG_ANALYZER_NUMBER_OBJECT_CONVERSION = YES_AGGRESSIVE;
				CLANG_CXX_LANGUAGE_STANDARD = "gnu++20";
				CLANG_ENABLE_MODULES = YES;
				CLANG_ENABLE_OBJC_ARC = YES;
				CLANG_ENABLE_OBJC_WEAK = YES;
				CLANG_WARN_BLOCK_CAPTURE_AUTORELEASING = YES;
				CLANG_WARN_BOOL_CONVERSION = YES;
				CLANG_WARN_COMMA = YES;
				CLANG_WARN_CONSTANT_CONVERSION = YES;
				CLANG_WARN_DEPRECATED_OBJC_IMPLEMENTATIONS = YES;
				CLANG_WARN_DIRECT_OBJC_ISA_USAGE = YES_ERROR;
				CLANG_WARN_DOCUMENTATION_COMMENTS = YES;
				CLANG_WARN_EMPTY_BODY = YES;
				CLANG_WARN_ENUM_CONVERSION = YES;
				CLANG_WARN_INFINITE_RECURSION = YES;
				CLANG_WARN_INT_CONVERSION = YES;
				CLANG_WARN_NON_LITERAL_NULL_CONVERSION = YES;
				CLANG_WARN_OBJC_IMPLICIT_RETAIN_SELF = YES;
				CLANG_WARN_OBJC_LITERAL_CONVERSION = YES;
				CLANG_WARN_OBJC_ROOT_CLASS = YES_ERROR;
				CLANG_WARN_QUOTED_INCLUDE_IN_FRAMEWORK_HEADER = YES;
				CLANG_WARN_RANGE_LOOP_ANALYSIS = YES;
				CLANG_WARN_STRICT_PROTOTYPES = YES;
				CLANG_WARN_SUSPICIOUS_MOVE = YES;
				CLANG_WARN_UNGUARDED_AVAILABILITY = YES_AGGRESSIVE;
				CLANG_WARN_UNREACHABLE_CODE = YES;
				CLANG_WARN__DUPLICATE_METHOD_MATCH = YES;
				COPY_PHASE_STRIP = NO;
				DEBUG_INFORMATION_FORMAT = dwarf;
				DEVELOPMENT_TEAM = B59K2YNZKU;
				ENABLE_STRICT_OBJC_MSGSEND = YES;
				ENABLE_TESTABILITY = YES;
				ENABLE_USER_SCRIPT_SANDBOXING = YES;
				GCC_C_LANGUAGE_STANDARD = gnu17;
				GCC_DYNAMIC_NO_PIC = NO;
				GCC_NO_COMMON_BLOCKS = YES;
				GCC_OPTIMIZATION_LEVEL = 0;
				GCC_PREPROCESSOR_DEFINITIONS = (
					"DEBUG=1",
					"$(inherited)",
				);
				GCC_WARN_64_TO_32_BIT_CONVERSION = YES;
				GCC_WARN_ABOUT_RETURN_TYPE = YES_ERROR;
				GCC_WARN_UNDECLARED_SELECTOR = YES;
				GCC_WARN_UNINITIALIZED_AUTOS = YES_AGGRESSIVE;
				GCC_WARN_UNUSED_FUNCTION = YES;
				GCC_WARN_UNUSED_VARIABLE = YES;
				IPHONEOS_DEPLOYMENT_TARGET = 26.0;
				LOCALIZATION_PREFERS_STRING_CATALOGS = YES;
				MTL_ENABLE_DEBUG_INFO = INCLUDE_SOURCE;
				MTL_FAST_MATH = YES;
				ONLY_ACTIVE_ARCH = YES;
				SDKROOT = iphoneos;
				SWIFT_ACTIVE_COMPILATION_CONDITIONS = "DEBUG $(inherited)";
				SWIFT_OPTIMIZATION_LEVEL = "-Onone";
			};
			name = Debug;
		};
		B000FD262EFF0F0C00469E1E /* Release */ = {
			isa = XCBuildConfiguration;
			buildSettings = {
				ALWAYS_SEARCH_USER_PATHS = NO;
				ASSETCATALOG_COMPILER_GENERATE_SWIFT_ASSET_SYMBOL_EXTENSIONS = YES;
				CLANG_ANALYZER_NONNULL = YES;
				CLANG_ANALYZER_NUMBER_OBJECT_CONVERSION = YES_AGGRESSIVE;
				CLANG_CXX_LANGUAGE_STANDARD = "gnu++20";
				CLANG_ENABLE_MODULES = YES;
				CLANG_ENABLE_OBJC_ARC = YES;
				CLANG_ENABLE_OBJC_WEAK = YES;
				CLANG_WARN_BLOCK_CAPTURE_AUTORELEASING = YES;
				CLANG_WARN_BOOL_CONVERSION = YES;
				CLANG_WARN_COMMA = YES;
				CLANG_WARN_CONSTANT_CONVERSION = YES;
				CLANG_WARN_DEPRECATED_OBJC_IMPLEMENTATIONS = YES;
				CLANG_WARN_DIRECT_OBJC_ISA_USAGE = YES_ERROR;
				CLANG_WARN_DOCUMENTATION_COMMENTS = YES;
				CLANG_WARN_EMPTY_BODY = YES;
				CLANG_WARN_ENUM_CONVERSION = YES;
				CLANG_WARN_INFINITE_RECURSION = YES;
				CLANG_WARN_INT_CONVERSION = YES;
				CLANG_WARN_NON_LITERAL_NULL_CONVERSION = YES;
				CLANG_WARN_OBJC_IMPLICIT_RETAIN_SELF = YES;
				CLANG_WARN_OBJC_LITERAL_CONVERSION = YES;
				CLANG_WARN_OBJC_ROOT_CLASS = YES_ERROR;
				CLANG_WARN_QUOTED_INCLUDE_IN_FRAMEWORK_HEADER = YES;
				CLANG_WARN_RANGE_LOOP_ANALYSIS = YES;
				CLANG_WARN_STRICT_PROTOTYPES = YES;
				CLANG_WARN_SUSPICIOUS_MOVE = YES;
				CLANG_WARN_UNGUARDED_AVAILABILITY = YES_AGGRESSIVE;
				CLANG_WARN_UNREACHABLE_CODE = YES;
				CLANG_WARN__DUPLICATE_METHOD_MATCH = YES;
				COPY_PHASE_STRIP = NO;
				DEBUG_INFORMATION_FORMAT = "dwarf-with-dsym";
				DEVELOPMENT_TEAM = B59K2YNZKU;
				ENABLE_NS_ASSERTIONS = NO;
				ENABLE_STRICT_OBJC_MSGSEND = YES;
				ENABLE_USER_SCRIPT_SANDBOXING = YES;
				GCC_C_LANGUAGE_STANDARD = gnu17;
				GCC_NO_COMMON_BLOCKS = YES;
				GCC_WARN_64_TO_32_BIT_CONVERSION = YES;
				GCC_WARN_ABOUT_RETURN_TYPE = YES_ERROR;
				GCC_WARN_UNDECLARED_SELECTOR = YES;
				GCC_WARN_UNINITIALIZED_AUTOS = YES_AGGRESSIVE;
				GCC_WARN_UNUSED_FUNCTION = YES;
				GCC_WARN_UNUSED_VARIABLE = YES;
				IPHONEOS_DEPLOYMENT_TARGET = 26.0;
				LOCALIZATION_PREFERS_STRING_CATALOGS = YES;
				MTL_ENABLE_DEBUG_INFO = NO;
				MTL_FAST_MATH = YES;
				SDKROOT = iphoneos;
				SWIFT_COMPILATION_MODE = wholemodule;
				VALIDATE_PRODUCT = YES;
			};
			name = Release;
		};
		B000FD282EFF0F0C00469E1E /* Debug */ = {
			isa = XCBuildConfiguration;
			buildSettings = {
				ASSETCATALOG_COMPILER_APPICON_NAME = AppIcon;
				ASSETCATALOG_COMPILER_GLOBAL_ACCENT_COLOR_NAME = AccentColor;
				CODE_SIGN_STYLE = Automatic;
				CURRENT_PROJECT_VERSION = 1;
				DEVELOPMENT_TEAM = B59K2YNZKU;
				ENABLE_PREVIEWS = YES;
				GENERATE_INFOPLIST_FILE = YES;
				INFOPLIST_KEY_UIApplicationSceneManifest_Generation = YES;
				INFOPLIST_KEY_UIApplicationSupportsIndirectInputEvents = YES;
				INFOPLIST_KEY_UILaunchScreen_Generation = YES;
				INFOPLIST_KEY_UISupportedInterfaceOrientations_iPad = "UIInterfaceOrientationPortrait UIInterfaceOrientationPortraitUpsideDown UIInterfaceOrientationLandscapeLeft UIInterfaceOrientationLandscapeRight";
				INFOPLIST_KEY_UISupportedInterfaceOrientations_iPhone = "UIInterfaceOrientationPortrait UIInterfaceOrientationLandscapeLeft UIInterfaceOrientationLandscapeRight";
				LD_RUNPATH_SEARCH_PATHS = (
					"$(inherited)",
					"@executable_path/Frameworks",
				);
				MARKETING_VERSION = 1.0;
				PRODUCT_BUNDLE_IDENTIFIER = com.ncho.BlobCalculator;
				PRODUCT_NAME = "$(TARGET_NAME)";
				STRING_CATALOG_GENERATE_SYMBOLS = YES;
				SWIFT_APPROACHABLE_CONCURRENCY = YES;
				SWIFT_DEFAULT_ACTOR_ISOLATION = MainActor;
				SWIFT_EMIT_LOC_STRINGS = YES;
				SWIFT_UPCOMING_FEATURE_MEMBER_IMPORT_VISIBILITY = YES;
				SWIFT_VERSION = 5.0;
				TARGETED_DEVICE_FAMILY = "1,2";
			};
			name = Debug;
		};
		B000FD292EFF0F0C00469E1E /* Release */ = {
			isa = XCBuildConfiguration;
			buildSettings = {
				ASSETCATALOG_COMPILER_APPICON_NAME = AppIcon;
				ASSETCATALOG_COMPILER_GLOBAL_ACCENT_COLOR_NAME = AccentColor;
				CODE_SIGN_STYLE = Automatic;
				CURRENT_PROJECT_VERSION = 1;
				DEVELOPMENT_TEAM = B59K2YNZKU;
				ENABLE_PREVIEWS = YES;
				GENERATE_INFOPLIST_FILE = YES;
				INFOPLIST_KEY_UIApplicationSceneManifest_Generation = YES;
				INFOPLIST_KEY_UIApplicationSupportsIndirectInputEvents = YES;
				INFOPLIST_KEY_UILaunchScreen_Generation = YES;
				INFOPLIST_KEY_UISupportedInterfaceOrientations_iPad = "UIInterfaceOrientationPortrait UIInterfaceOrientationPortraitUpsideDown UIInterfaceOrientationLandscapeLeft UIInterfaceOrientationLandscapeRight";
				INFOPLIST_KEY_UISupportedInterfaceOrientations_iPhone = "UIInterfaceOrientationPortrait UIInterfaceOrientationLandscapeLeft UIInterfaceOrientationLandscapeRight";
				LD_RUNPATH_SEARCH_PATHS = (
					"$(inherited)",
					"@executable_path/Frameworks",
				);
				MARKETING_VERSION = 1.0;
				PRODUCT_BUNDLE_IDENTIFIER = com.ncho.BlobCalculator;
				PRODUCT_NAME = "$(TARGET_NAME)";
				STRING_CATALOG_GENERATE_SYMBOLS = YES;
				SWIFT_APPROACHABLE_CONCURRENCY = YES;
				SWIFT_DEFAULT_ACTOR_ISOLATION = MainActor;
				SWIFT_EMIT_LOC_STRINGS = YES;
				SWIFT_UPCOMING_FEATURE_MEMBER_IMPORT_VISIBILITY = YES;
				SWIFT_VERSION = 5.0;
				TARGETED_DEVICE_FAMILY = "1,2";
			};
			name = Release;
		};
		B000FD2B2EFF0F0C00469E1E /* Debug */ = {
			isa = XCBuildConfiguration;
			buildSettings = {
				BUNDLE_LOADER = "$(TEST_HOST)";
				CODE_SIGN_STYLE = Automatic;
				CURRENT_PROJECT_VERSION = 1;
				DEVELOPMENT_TEAM = B59K2YNZKU;
				GENERATE_INFOPLIST_FILE = YES;
				IPHONEOS_DEPLOYMENT_TARGET = 26.0;
				MARKETING_VERSION = 1.0;
				PRODUCT_BUNDLE_IDENTIFIER = com.ncho.BlobCalculatorTests;
				PRODUCT_NAME = "$(TARGET_NAME)";
				STRING_CATALOG_GENERATE_SYMBOLS = NO;
				SWIFT_APPROACHABLE_CONCURRENCY = YES;
				SWIFT_EMIT_LOC_STRINGS = NO;
				SWIFT_UPCOMING_FEATURE_MEMBER_IMPORT_VISIBILITY = YES;
				SWIFT_VERSION = 5.0;
				TARGETED_DEVICE_FAMILY = "1,2";
				TEST_HOST = "$(BUILT_PRODUCTS_DIR)/BlobCalculator.app/$(BUNDLE_EXECUTABLE_FOLDER_PATH)/BlobCalculator";
			};
			name = Debug;
		};
		B000FD2C2EFF0F0C00469E1E /* Release */ = {
			isa = XCBuildConfiguration;
			buildSettings = {
				BUNDLE_LOADER = "$(TEST_HOST)";
				CODE_SIGN_STYLE = Automatic;
				CURRENT_PROJECT_VERSION = 1;
				DEVELOPMENT_TEAM = B59K2YNZKU;
				GENERATE_INFOPLIST_FILE = YES;
				IPHONEOS_DEPLOYMENT_TARGET = 26.0;
				MARKETING_VERSION = 1.0;
				PRODUCT_BUNDLE_IDENTIFIER = com.ncho.BlobCalculatorTests;
				PRODUCT_NAME = "$(TARGET_NAME)";
				STRING_CATALOG_GENERATE_SYMBOLS = NO;
				SWIFT_APPROACHABLE_CONCURRENCY = YES;
				SWIFT_EMIT_LOC_STRINGS = NO;
				SWIFT_UPCOMING_FEATURE_MEMBER_IMPORT_VISIBILITY = YES;
				SWIFT_VERSION = 5.0;
				TARGETED_DEVICE_FAMILY = "1,2";
				TEST_HOST = "$(BUILT_PRODUCTS_DIR)/BlobCalculator.app/$(BUNDLE_EXECUTABLE_FOLDER_PATH)/BlobCalculator";
			};
			name = Release;
		};
		B000FD2E2EFF0F0C00469E1E /* Debug */ = {
			isa = XCBuildConfiguration;
			buildSettings = {
				CODE_SIGN_STYLE = Automatic;
				CURRENT_PROJECT_VERSION = 1;
				DEVELOPMENT_TEAM = B59K2YNZKU;
				GENERATE_INFOPLIST_FILE = YES;
				MARKETING_VERSION = 1.0;
				PRODUCT_BUNDLE_IDENTIFIER = com.ncho.BlobCalculatorUITests;
				PRODUCT_NAME = "$(TARGET_NAME)";
				STRING_CATALOG_GENERATE_SYMBOLS = NO;
				SWIFT_APPROACHABLE_CONCURRENCY = YES;
				SWIFT_EMIT_LOC_STRINGS = NO;
				SWIFT_UPCOMING_FEATURE_MEMBER_IMPORT_VISIBILITY = YES;
				SWIFT_VERSION = 5.0;
				TARGETED_DEVICE_FAMILY = "1,2";
				TEST_TARGET_NAME = BlobCalculator;
			};
			name = Debug;
		};
		B000FD2F2EFF0F0C00469E1E /* Release */ = {
			isa = XCBuildConfiguration;
			buildSettings = {
				CODE_SIGN_STYLE = Automatic;
				CURRENT_PROJECT_VERSION = 1;
				DEVELOPMENT_TEAM = B59K2YNZKU;
				GENERATE_INFOPLIST_FILE = YES;
				MARKETING_VERSION = 1.0;
				PRODUCT_BUNDLE_IDENTIFIER = com.ncho.BlobCalculatorUITests;
				PRODUCT_NAME = "$(TARGET_NAME)";
				STRING_CATALOG_GENERATE_SYMBOLS = NO;
				SWIFT_APPROACHABLE_CONCURRENCY = YES;
				SWIFT_EMIT_LOC_STRINGS = NO;
				SWIFT_UPCOMING_FEATURE_MEMBER_IMPORT_VISIBILITY = YES;
				SWIFT_VERSION = 5.0;
				TARGETED_DEVICE_FAMILY = "1,2";
				TEST_TARGET_NAME = BlobCalculator;
			};
			name = Release;
		};
/* End XCBuildConfiguration section */

/* Begin XCConfigurationList section */
		B000FD012EFF0F0B00469E1E /* Build configuration list for PBXProject "BlobCalculator" */ = {
			isa = XCConfigurationList;
			buildConfigurations = (
				B000FD252EFF0F0C00469E1E /* Debug */,
				B000FD262EFF0F0C00469E1E /* Release */,
			);
			defaultConfigurationIsVisible = 0;
			defaultConfigurationName = Release;
		};
		B000FD272EFF0F0C00469E1E /* Build configuration list for PBXNativeTarget "BlobCalculator" */ = {
			isa = XCConfigurationList;
			buildConfigurations = (
				B000FD282EFF0F0C00469E1E /* Debug */,
				B000FD292EFF0F0C00469E1E /* Release */,
			);
			defaultConfigurationIsVisible = 0;
			defaultConfigurationName = Release;
		};
		B000FD2A2EFF0F0C00469E1E /* Build configuration list for PBXNativeTarget "BlobCalculatorTests" */ = {
			isa = XCConfigurationList;
			buildConfigurations = (
				B000FD2B2EFF0F0C00469E1E /* Debug */,
				B000FD2C2EFF0F0C00469E1E /* Release */,
			);
			defaultConfigurationIsVisible = 0;
			defaultConfigurationName = Release;
		};
		B000FD2D2EFF0F0C00469E1E /* Build configuration list for PBXNativeTarget "BlobCalculatorUITests" */ = {
			isa = XCConfigurationList;
			buildConfigurations = (
				B000FD2E2EFF0F0C00469E1E /* Debug */,
				B000FD2F2EFF0F0C00469E1E /* Release */,
			);
			defaultConfigurationIsVisible = 0;
			defaultConfigurationName = Release;
		};
/* End XCConfigurationList section */
	};
	rootObject = B000FCFE2EFF0F0B00469E1E /* Project object */;
}
